
Microsoft Visual Studio Solution File, Format Version 12.00
# Visual Studio Version 16
VisualStudioVersion = 16.0.33214.272
MinimumVisualStudioVersion = 10.0.40219.1
Project("{888888A0-9F3D-457C-B088-3A5042F75D52}") = "Functions2 - Spring Break Review", "Functions2 - Spring Break Review.pyproj", "{E2A93173-214C-40BD-A4B0-FE4A77FE4B2E}"
EndProject
Global
	GlobalSection(SolutionConfigurationPlatforms) = preSolution
		Debug|Any CPU = Debug|Any CPU
		Release|Any CPU = Release|Any CPU
	EndGlobalSection
	GlobalSection(ProjectConfigurationPlatforms) = postSolution
		{E2A93173-214C-40BD-A4B0-FE4A77FE4B2E}.Debug|Any CPU.ActiveCfg = Debug|Any CPU
		{E2A93173-214C-40BD-A4B0-FE4A77FE4B2E}.Release|Any CPU.ActiveCfg = Release|Any CPU
	EndGlobalSection
	GlobalSection(SolutionProperties) = preSolution
		HideSolutionNode = FALSE
	EndGlobalSection
	GlobalSection(ExtensibilityGlobals) = postSolution
		SolutionGuid = {FC202684-7F91-428B-AC3E-88F31416FC35}
	EndGlobalSection
EndGlobal
